
Microsoft Visual Studio Solution File, Format Version 11.00
# Visual Studio 2010
# SharpDevelop 5.1
Project("{FAE04EC0-301F-11D3-BF4B-00C04F79EFBC}") = "MyApp", "MyApp\MyApp.csproj", "{CF3CDE0B-E73C-4CB7-B952-DF2E899B34CA}"
EndProject
Global
	GlobalSection(SolutionConfigurationPlatforms) = preSolution
		Debug|Any CPU = Debug|Any CPU
		Release|Any CPU = Release|Any CPU
	EndGlobalSection
	GlobalSection(ProjectConfigurationPlatforms) = postSolution
		{CF3CDE0B-E73C-4CB7-B952-DF2E899B34CA}.Debug|Any CPU.ActiveCfg = Debug|Any CPU
		{CF3CDE0B-E73C-4CB7-B952-DF2E899B34CA}.Debug|Any CPU.Build.0 = Debug|Any CPU
		{CF3CDE0B-E73C-4CB7-B952-DF2E899B34CA}.Release|Any CPU.ActiveCfg = Release|Any CPU
		{CF3CDE0B-E73C-4CB7-B952-DF2E899B34CA}.Release|Any CPU.Build.0 = Release|Any CPU
	EndGlobalSection
EndGlobal
